
Microsoft Visual Studio Solution File, Format Version 12.00
# Visual Studio Version 17
VisualStudioVersion = 17.6.33815.320
MinimumVisualStudioVersion = 10.0.40219.1
Project("{9A19103F-16F7-4668-BE54-9A1E7A4F7556}") = "CleanArch.Domain", "CleanArch.Domain\CleanArch.Domain.csproj", "{E2CC1303-3B60-4C3C-B78E-8025FE1AECB9}"
EndProject
Project("{9A19103F-16F7-4668-BE54-9A1E7A4F7556}") = "CleanArch.Application", "CleanArch.Application\CleanArch.Application.csproj", "{D2440DBC-58B3-4D8C-AB9B-AEB8FB705E8E}"
EndProject
Project("{9A19103F-16F7-4668-BE54-9A1E7A4F7556}") = "CleanArch.Infra.Data", "CleanArch.Infra.Data\CleanArch.Infra.Data.csproj", "{C03E5E4B-09EE-4054-9ED8-03E87EE07D56}"
EndProject
Project("{9A19103F-16F7-4668-BE54-9A1E7A4F7556}") = "CleanArch.Infra.Ioc", "CleanArch.Infra.Ioc\CleanArch.Infra.Ioc.csproj", "{E67F8AFE-0AA2-4BD6-AE51-AD0D4AC47CEA}"
EndProject
Project("{9A19103F-16F7-4668-BE54-9A1E7A4F7556}") = "CleanArch.WebUI", "CleanArch.WebUI\CleanArch.WebUI.csproj", "{8AA035E3-0B7D-4276-A8BD-FB78967263AB}"
EndProject
Project("{9A19103F-16F7-4668-BE54-9A1E7A4F7556}") = "CleanArch.Domain.Tests", "CleanArch.Domain.Tests\CleanArch.Domain.Tests.csproj", "{F03FBC8F-D5AB-4192-A758-175B60C6D4E0}"
EndProject
Project("{FAE04EC0-301F-11D3-BF4B-00C04F79EFBC}") = "CleanArch.API", "CleanArch.API\CleanArch.API.csproj", "{ADD31D0C-877A-4802-AE81-EEFADBF83695}"
EndProject
Global
	GlobalSection(SolutionConfigurationPlatforms) = preSolution
		Debug|Any CPU = Debug|Any CPU
		Release|Any CPU = Release|Any CPU
	EndGlobalSection
	GlobalSection(ProjectConfigurationPlatforms) = postSolution
		{E2CC1303-3B60-4C3C-B78E-8025FE1AECB9}.Debug|Any CPU.ActiveCfg = Debug|Any CPU
		{E2CC1303-3B60-4C3C-B78E-8025FE1AECB9}.Debug|Any CPU.Build.0 = Debug|Any CPU
		{E2CC1303-3B60-4C3C-B78E-8025FE1AECB9}.Release|Any CPU.ActiveCfg = Release|Any CPU
		{E2CC1303-3B60-4C3C-B78E-8025FE1AECB9}.Release|Any CPU.Build.0 = Release|Any CPU
		{D2440DBC-58B3-4D8C-AB9B-AEB8FB705E8E}.Debug|Any CPU.ActiveCfg = Debug|Any CPU
		{D2440DBC-58B3-4D8C-AB9B-AEB8FB705E8E}.Debug|Any CPU.Build.0 = Debug|Any CPU
		{D2440DBC-58B3-4D8C-AB9B-AEB8FB705E8E}.Release|Any CPU.ActiveCfg = Release|Any CPU
		{D2440DBC-58B3-4D8C-AB9B-AEB8FB705E8E}.Release|Any CPU.Build.0 = Release|Any CPU
		{C03E5E4B-09EE-4054-9ED8-03E87EE07D56}.Debug|Any CPU.ActiveCfg = Debug|Any CPU
		{C03E5E4B-09EE-4054-9ED8-03E87EE07D56}.Debug|Any CPU.Build.0 = Debug|Any CPU
		{C03E5E4B-09EE-4054-9ED8-03E87EE07D56}.Release|Any CPU.ActiveCfg = Release|Any CPU
		{C03E5E4B-09EE-4054-9ED8-03E87EE07D56}.Release|Any CPU.Build.0 = Release|Any CPU
		{E67F8AFE-0AA2-4BD6-AE51-AD0D4AC47CEA}.Debug|Any CPU.ActiveCfg = Debug|Any CPU
		{E67F8AFE-0AA2-4BD6-AE51-AD0D4AC47CEA}.Debug|Any CPU.Build.0 = Debug|Any CPU
		{E67F8AFE-0AA2-4BD6-AE51-AD0D4AC47CEA}.Release|Any CPU.ActiveCfg = Release|Any CPU
		{E67F8AFE-0AA2-4BD6-AE51-AD0D4AC47CEA}.Release|Any CPU.Build.0 = Release|Any CPU
		{8AA035E3-0B7D-4276-A8BD-FB78967263AB}.Debug|Any CPU.ActiveCfg = Debug|Any CPU
		{8AA035E3-0B7D-4276-A8BD-FB78967263AB}.Debug|Any CPU.Build.0 = Debug|Any CPU
		{8AA035E3-0B7D-4276-A8BD-FB78967263AB}.Release|Any CPU.ActiveCfg = Release|Any CPU
		{8AA035E3-0B7D-4276-A8BD-FB78967263AB}.Release|Any CPU.Build.0 = Release|Any CPU
		{F03FBC8F-D5AB-4192-A758-175B60C6D4E0}.Debug|Any CPU.ActiveCfg = Debug|Any CPU
		{F03FBC8F-D5AB-4192-A758-175B60C6D4E0}.Debug|Any CPU.Build.0 = Debug|Any CPU
		{F03FBC8F-D5AB-4192-A758-175B60C6D4E0}.Release|Any CPU.ActiveCfg = Release|Any CPU
		{F03FBC8F-D5AB-4192-A758-175B60C6D4E0}.Release|Any CPU.Build.0 = Release|Any CPU
		{ADD31D0C-877A-4802-AE81-EEFADBF83695}.Debug|Any CPU.ActiveCfg = Debug|Any CPU
		{ADD31D0C-877A-4802-AE81-EEFADBF83695}.Debug|Any CPU.Build.0 = Debug|Any CPU
		{ADD31D0C-877A-4802-AE81-EEFADBF83695}.Release|Any CPU.ActiveCfg = Release|Any CPU
		{ADD31D0C-877A-4802-AE81-EEFADBF83695}.Release|Any CPU.Build.0 = Release|Any CPU
	EndGlobalSection
	GlobalSection(SolutionProperties) = preSolution
		HideSolutionNode = FALSE
	EndGlobalSection
	GlobalSection(ExtensibilityGlobals) = postSolution
		SolutionGuid = {6E7BACAB-C878-4B1B-87EE-1402F3E0A172}
	EndGlobalSection
EndGlobal
